
Microsoft Visual Studio Solution File, Format Version 12.00
# Visual Studio 14
VisualStudioVersion = 14.0.25420.1
MinimumVisualStudioVersion = 10.0.40219.1
Project("{2150E333-8FDC-42A3-9474-1A3956D46DE8}") = "src", "src", "{F1ED0410-F5F7-4502-A014-9418F3E4130E}"
EndProject
Project("{2150E333-8FDC-42A3-9474-1A3956D46DE8}") = "Solution Items", "Solution Items", "{D6A106A4-763F-4AAE-AFB6-7C009E5C004F}"
	ProjectSection(SolutionItems) = preProject
		global.json = global.json
	EndProjectSection
EndProject
Project("{8BB2217D-0F2D-49D1-97BC-3654ED321F3B}") = "PeopleService", "src\PeopleService\PeopleService.xproj", "{463C4053-8A5F-446F-8BE3-3AF6B7C92142}"
EndProject
Global
	GlobalSection(SolutionConfigurationPlatforms) = preSolution
		Debug|Any CPU = Debug|Any CPU
		Release|Any CPU = Release|Any CPU
	EndGlobalSection
	GlobalSection(ProjectConfigurationPlatforms) = postSolution
		{463C4053-8A5F-446F-8BE3-3AF6B7C92142}.Debug|Any CPU.ActiveCfg = Debug|Any CPU
		{463C4053-8A5F-446F-8BE3-3AF6B7C92142}.Debug|Any CPU.Build.0 = Debug|Any CPU
		{463C4053-8A5F-446F-8BE3-3AF6B7C92142}.Release|Any CPU.ActiveCfg = Release|Any CPU
		{463C4053-8A5F-446F-8BE3-3AF6B7C92142}.Release|Any CPU.Build.0 = Release|Any CPU
	EndGlobalSection
	GlobalSection(SolutionProperties) = preSolution
		HideSolutionNode = FALSE
	EndGlobalSection
	GlobalSection(NestedProjects) = preSolution
		{463C4053-8A5F-446F-8BE3-3AF6B7C92142} = {F1ED0410-F5F7-4502-A014-9418F3E4130E}
	EndGlobalSection
EndGlobal
